
Microsoft Visual Studio Solution File, Format Version 11.00
# Visual Studio 2010
Project("{FAE04EC0-301F-11D3-BF4B-00C04F79EFBC}") = "LoLBuilds", "LoLBuilds\LoLBuilds.csproj", "{05DEC89D-4749-4081-95B1-192CD4472D7B}"
EndProject
Project("{FAE04EC0-301F-11D3-BF4B-00C04F79EFBC}") = "Common", "Common\Common.csproj", "{1FD3EB62-D9AD-4B0A-A233-EED09CF6A3D3}"
EndProject
Project("{2150E333-8FDC-42A3-9474-1A3956D46DE8}") = "Solution Items", "Solution Items", "{00D583F4-2EE5-4296-8764-B0773DAFC7D6}"
	ProjectSection(SolutionItems) = preProject
		CHANGELOG.md = CHANGELOG.md
		CONTRIBUTING.md = CONTRIBUTING.md
		LICENSE.txt = LICENSE.txt
		README.md = README.md
	EndProjectSection
EndProject
Global
	GlobalSection(SolutionConfigurationPlatforms) = preSolution
		Debug|Any CPU = Debug|Any CPU
		Release|Any CPU = Release|Any CPU
	EndGlobalSection
	GlobalSection(ProjectConfigurationPlatforms) = postSolution
		{05DEC89D-4749-4081-95B1-192CD4472D7B}.Debug|Any CPU.ActiveCfg = Debug|Any CPU
		{05DEC89D-4749-4081-95B1-192CD4472D7B}.Debug|Any CPU.Build.0 = Debug|Any CPU
		{05DEC89D-4749-4081-95B1-192CD4472D7B}.Release|Any CPU.ActiveCfg = Release|Any CPU
		{05DEC89D-4749-4081-95B1-192CD4472D7B}.Release|Any CPU.Build.0 = Release|Any CPU
		{1FD3EB62-D9AD-4B0A-A233-EED09CF6A3D3}.Debug|Any CPU.ActiveCfg = Debug|Any CPU
		{1FD3EB62-D9AD-4B0A-A233-EED09CF6A3D3}.Debug|Any CPU.Build.0 = Debug|Any CPU
		{1FD3EB62-D9AD-4B0A-A233-EED09CF6A3D3}.Release|Any CPU.ActiveCfg = Release|Any CPU
		{1FD3EB62-D9AD-4B0A-A233-EED09CF6A3D3}.Release|Any CPU.Build.0 = Release|Any CPU
	EndGlobalSection
	GlobalSection(SolutionProperties) = preSolution
		HideSolutionNode = FALSE
	EndGlobalSection
EndGlobal
